
Microsoft Visual Studio Solution File, Format Version 12.00
# Visual Studio Version 17
VisualStudioVersion = 17.4.33122.133
MinimumVisualStudioVersion = 10.0.40219.1
Project("{FAE04EC0-301F-11D3-BF4B-00C04F79EFBC}") = "RepositoryPattern", "RepositoryPattern\RepositoryPattern.csproj", "{68EC7F93-B847-431E-80D2-C69952E09782}"
EndProject
Global
	GlobalSection(SolutionConfigurationPlatforms) = preSolution
		Debug|Any CPU = Debug|Any CPU
		Release|Any CPU = Release|Any CPU
	EndGlobalSection
	GlobalSection(ProjectConfigurationPlatforms) = postSolution
		{68EC7F93-B847-431E-80D2-C69952E09782}.Debug|Any CPU.ActiveCfg = Debug|Any CPU
		{68EC7F93-B847-431E-80D2-C69952E09782}.Debug|Any CPU.Build.0 = Debug|Any CPU
		{68EC7F93-B847-431E-80D2-C69952E09782}.Release|Any CPU.ActiveCfg = Release|Any CPU
		{68EC7F93-B847-431E-80D2-C69952E09782}.Release|Any CPU.Build.0 = Release|Any CPU
	EndGlobalSection
	GlobalSection(SolutionProperties) = preSolution
		HideSolutionNode = FALSE
	EndGlobalSection
	GlobalSection(ExtensibilityGlobals) = postSolution
		SolutionGuid = {D0C7758B-1DE2-41A1-BD2D-3B6E1B15346A}
	EndGlobalSection
EndGlobal
