
Microsoft Visual Studio Solution File, Format Version 12.00
# Visual Studio Version 17
VisualStudioVersion = 17.4.33122.133
MinimumVisualStudioVersion = 10.0.40219.1
Project("{FAE04EC0-301F-11D3-BF4B-00C04F79EFBC}") = "SuperHeroAPI", "SuperHeroAPI\SuperHeroAPI.csproj", "{8AD93CC0-6EAD-441B-8CE7-5682728AC0C2}"
EndProject
Global
	GlobalSection(SolutionConfigurationPlatforms) = preSolution
		Debug|Any CPU = Debug|Any CPU
		Release|Any CPU = Release|Any CPU
	EndGlobalSection
	GlobalSection(ProjectConfigurationPlatforms) = postSolution
		{8AD93CC0-6EAD-441B-8CE7-5682728AC0C2}.Debug|Any CPU.ActiveCfg = Debug|Any CPU
		{8AD93CC0-6EAD-441B-8CE7-5682728AC0C2}.Debug|Any CPU.Build.0 = Debug|Any CPU
		{8AD93CC0-6EAD-441B-8CE7-5682728AC0C2}.Release|Any CPU.ActiveCfg = Release|Any CPU
		{8AD93CC0-6EAD-441B-8CE7-5682728AC0C2}.Release|Any CPU.Build.0 = Release|Any CPU
	EndGlobalSection
	GlobalSection(SolutionProperties) = preSolution
		HideSolutionNode = FALSE
	EndGlobalSection
	GlobalSection(ExtensibilityGlobals) = postSolution
		SolutionGuid = {4DED223A-AE6A-4DEB-9F01-019BE19F1AE6}
	EndGlobalSection
EndGlobal
