
Microsoft Visual Studio Solution File, Format Version 12.00
# Visual Studio Version 17
VisualStudioVersion = 17.4.33122.133
MinimumVisualStudioVersion = 10.0.40219.1
Project("{FAE04EC0-301F-11D3-BF4B-00C04F79EFBC}") = "ORM", "ORM\ORM.csproj", "{8018E985-560B-4BAC-BA84-69593AD59A49}"
EndProject
Global
	GlobalSection(SolutionConfigurationPlatforms) = preSolution
		Debug|Any CPU = Debug|Any CPU
		Release|Any CPU = Release|Any CPU
	EndGlobalSection
	GlobalSection(ProjectConfigurationPlatforms) = postSolution
		{8018E985-560B-4BAC-BA84-69593AD59A49}.Debug|Any CPU.ActiveCfg = Debug|Any CPU
		{8018E985-560B-4BAC-BA84-69593AD59A49}.Debug|Any CPU.Build.0 = Debug|Any CPU
		{8018E985-560B-4BAC-BA84-69593AD59A49}.Release|Any CPU.ActiveCfg = Release|Any CPU
		{8018E985-560B-4BAC-BA84-69593AD59A49}.Release|Any CPU.Build.0 = Release|Any CPU
	EndGlobalSection
	GlobalSection(SolutionProperties) = preSolution
		HideSolutionNode = FALSE
	EndGlobalSection
	GlobalSection(ExtensibilityGlobals) = postSolution
		SolutionGuid = {23E18B38-A1B9-4A31-B9C2-82CF452ED9C8}
	EndGlobalSection
EndGlobal
