
Microsoft Visual Studio Solution File, Format Version 12.00
# Visual Studio Version 17
VisualStudioVersion = 17.4.33122.133
MinimumVisualStudioVersion = 10.0.40219.1
Project("{9A19103F-16F7-4668-BE54-9A1E7A4F7556}") = "HPlusSport.API", "HPlusSport.API\HPlusSport.API.csproj", "{0C882F05-21C4-4187-9FE8-B3AD3FD0DCBB}"
EndProject
Project("{FAE04EC0-301F-11D3-BF4B-00C04F79EFBC}") = "HPlusSport.Web", "HPlusSport.Web\HPlusSport.Web.csproj", "{2F8FC956-931A-4719-BEC4-735577695EBE}"
EndProject
Global
	GlobalSection(SolutionConfigurationPlatforms) = preSolution
		Debug|Any CPU = Debug|Any CPU
		Release|Any CPU = Release|Any CPU
	EndGlobalSection
	GlobalSection(ProjectConfigurationPlatforms) = postSolution
		{0C882F05-21C4-4187-9FE8-B3AD3FD0DCBB}.Debug|Any CPU.ActiveCfg = Debug|Any CPU
		{0C882F05-21C4-4187-9FE8-B3AD3FD0DCBB}.Debug|Any CPU.Build.0 = Debug|Any CPU
		{0C882F05-21C4-4187-9FE8-B3AD3FD0DCBB}.Release|Any CPU.ActiveCfg = Release|Any CPU
		{0C882F05-21C4-4187-9FE8-B3AD3FD0DCBB}.Release|Any CPU.Build.0 = Release|Any CPU
		{2F8FC956-931A-4719-BEC4-735577695EBE}.Debug|Any CPU.ActiveCfg = Debug|Any CPU
		{2F8FC956-931A-4719-BEC4-735577695EBE}.Debug|Any CPU.Build.0 = Debug|Any CPU
		{2F8FC956-931A-4719-BEC4-735577695EBE}.Release|Any CPU.ActiveCfg = Release|Any CPU
		{2F8FC956-931A-4719-BEC4-735577695EBE}.Release|Any CPU.Build.0 = Release|Any CPU
	EndGlobalSection
	GlobalSection(SolutionProperties) = preSolution
		HideSolutionNode = FALSE
	EndGlobalSection
	GlobalSection(ExtensibilityGlobals) = postSolution
		SolutionGuid = {BB2C5560-79AA-4108-80C4-74A1A623E625}
	EndGlobalSection
EndGlobal
