
Microsoft Visual Studio Solution File, Format Version 12.00
# Visual Studio Version 16
VisualStudioVersion = 16.0.33801.447
MinimumVisualStudioVersion = 10.0.40219.1
Project("{FAE04EC0-301F-11D3-BF4B-00C04F79EFBC}") = "RestProductsAPIDemo", "RestProductsAPIDemo.csproj", "{5955BD23-578E-44C1-90D3-21DEA9316CB1}"
EndProject
Global
	GlobalSection(SolutionConfigurationPlatforms) = preSolution
		Debug|Any CPU = Debug|Any CPU
		Release|Any CPU = Release|Any CPU
	EndGlobalSection
	GlobalSection(ProjectConfigurationPlatforms) = postSolution
		{5955BD23-578E-44C1-90D3-21DEA9316CB1}.Debug|Any CPU.ActiveCfg = Debug|Any CPU
		{5955BD23-578E-44C1-90D3-21DEA9316CB1}.Debug|Any CPU.Build.0 = Debug|Any CPU
		{5955BD23-578E-44C1-90D3-21DEA9316CB1}.Release|Any CPU.ActiveCfg = Release|Any CPU
		{5955BD23-578E-44C1-90D3-21DEA9316CB1}.Release|Any CPU.Build.0 = Release|Any CPU
	EndGlobalSection
	GlobalSection(SolutionProperties) = preSolution
		HideSolutionNode = FALSE
	EndGlobalSection
	GlobalSection(ExtensibilityGlobals) = postSolution
		SolutionGuid = {A0F9BB47-FB68-4B8D-840E-74DD20D6A886}
	EndGlobalSection
EndGlobal
